// !$*UTF8*$!
{
	archiveVersion = 1;
	classes = {
	};
	objectVersion = 55;
	objects = {

/* Begin PBXBuildFile section */
		B32D0308275E6C91003ACE14 /* Constants.swift in Sources */ = {isa = PBXBuildFile; fileRef = B32D0307275E6C91003ACE14 /* Constants.swift */; };
		B345CC48277F64420065B78A /* MultiWheelPicker.swift in Sources */ = {isa = PBXBuildFile; fileRef = B345CC47277F64420065B78A /* MultiWheelPicker.swift */; };
		B345CC4A277F6F470065B78A /* UserPrepHStack.swift in Sources */ = {isa = PBXBuildFile; fileRef = B345CC49277F6F470065B78A /* UserPrepHStack.swift */; };
		B3606D932748224800E61972 /* Color+Ext.swift in Sources */ = {isa = PBXBuildFile; fileRef = B3606D922748224800E61972 /* Color+Ext.swift */; };
		B3606D97274C1F6E00E61972 /* MyMealModel.swift in Sources */ = {isa = PBXBuildFile; fileRef = B3606D96274C1F6E00E61972 /* MyMealModel.swift */; };
		B3606D99274C1FB600E61972 /* MealDBModel.swift in Sources */ = {isa = PBXBuildFile; fileRef = B3606D98274C1FB500E61972 /* MealDBModel.swift */; };
		B3606D9B274C201200E61972 /* SpoonMealModel.swift in Sources */ = {isa = PBXBuildFile; fileRef = B3606D9A274C201200E61972 /* SpoonMealModel.swift */; };
		B3606D9D274C20AF00E61972 /* HistoryModel.swift in Sources */ = {isa = PBXBuildFile; fileRef = B3606D9C274C20AF00E61972 /* HistoryModel.swift */; };
		B3606D9F274C210700E61972 /* FavoritesModel.swift in Sources */ = {isa = PBXBuildFile; fileRef = B3606D9E274C210700E61972 /* FavoritesModel.swift */; };
		B3606DA1274C217700E61972 /* IngredientsModel.swift in Sources */ = {isa = PBXBuildFile; fileRef = B3606DA0274C217700E61972 /* IngredientsModel.swift */; };
		B3606DA3274C2A8F00E61972 /* MealCardView.swift in Sources */ = {isa = PBXBuildFile; fileRef = B3606DA2274C2A8F00E61972 /* MealCardView.swift */; };
		B3606DA5274C446900E61972 /* TopView.swift in Sources */ = {isa = PBXBuildFile; fileRef = B3606DA4274C446900E61972 /* TopView.swift */; };
		B3606DAB274D5E4A00E61972 /* MyIdeasDetailView.swift in Sources */ = {isa = PBXBuildFile; fileRef = B3606DAA274D5E4A00E61972 /* MyIdeasDetailView.swift */; };
		B3606DAE274D5EC900E61972 /* MyIdeasDetailVM.swift in Sources */ = {isa = PBXBuildFile; fileRef = B3606DAD274D5EC900E61972 /* MyIdeasDetailVM.swift */; };
		B3606DB0274D691100E61972 /* LinkView.swift in Sources */ = {isa = PBXBuildFile; fileRef = B3606DAF274D691100E61972 /* LinkView.swift */; };
		B3606DB2274D696700E61972 /* RecipeView.swift in Sources */ = {isa = PBXBuildFile; fileRef = B3606DB1274D696700E61972 /* RecipeView.swift */; };
		B3606DB4274D69F300E61972 /* BadgesHStack.swift in Sources */ = {isa = PBXBuildFile; fileRef = B3606DB3274D69F300E61972 /* BadgesHStack.swift */; };
		B3606DB6274D6A4400E61972 /* IngredientVGrid.swift in Sources */ = {isa = PBXBuildFile; fileRef = B3606DB5274D6A4400E61972 /* IngredientVGrid.swift */; };
		B3606DB8274D6AEA00E61972 /* MealNameView.swift in Sources */ = {isa = PBXBuildFile; fileRef = B3606DB7274D6AEA00E61972 /* MealNameView.swift */; };
		B3606DBA274D6B3400E61972 /* MealPhotoView.swift in Sources */ = {isa = PBXBuildFile; fileRef = B3606DB9274D6B3400E61972 /* MealPhotoView.swift */; };
		B3606DBC274D6C8900E61972 /* IngredientGridCell.swift in Sources */ = {isa = PBXBuildFile; fileRef = B3606DBB274D6C8900E61972 /* IngredientGridCell.swift */; };
		B3606DBF274D7A9800E61972 /* MealDBJSON.swift in Sources */ = {isa = PBXBuildFile; fileRef = B3606DBE274D7A9800E61972 /* MealDBJSON.swift */; };
		B3606DC1274D7B0900E61972 /* MealDBVM.swift in Sources */ = {isa = PBXBuildFile; fileRef = B3606DC0274D7B0900E61972 /* MealDBVM.swift */; };
		B3606DC4274D8E7C00E61972 /* MealDBDetailView.swift in Sources */ = {isa = PBXBuildFile; fileRef = B3606DC3274D8E7C00E61972 /* MealDBDetailView.swift */; };
		B3627BF9275F756B004A6519 /* EditMealsListView.swift in Sources */ = {isa = PBXBuildFile; fileRef = B3627BF8275F756B004A6519 /* EditMealsListView.swift */; };
		B3627BFB275F75C8004A6519 /* EditMealsListVM.swift in Sources */ = {isa = PBXBuildFile; fileRef = B3627BFA275F75C8004A6519 /* EditMealsListVM.swift */; };
		B3627BFD275FC680004A6519 /* MyIdeasVM.swift in Sources */ = {isa = PBXBuildFile; fileRef = B3627BFC275FC67F004A6519 /* MyIdeasVM.swift */; };
		B374E7DA278496C800422E9C /* MealDBFunctions.swift in Sources */ = {isa = PBXBuildFile; fileRef = B374E7D7278496C800422E9C /* MealDBFunctions.swift */; };
		B374E7DB278496C800422E9C /* APIKey.swift in Sources */ = {isa = PBXBuildFile; fileRef = B374E7D8278496C800422E9C /* APIKey.swift */; };
		B374E7DC278496C800422E9C /* SpoonFunctions.swift in Sources */ = {isa = PBXBuildFile; fileRef = B374E7D9278496C800422E9C /* SpoonFunctions.swift */; };
		B374E7DE2784B02100422E9C /* View+Ext.swift in Sources */ = {isa = PBXBuildFile; fileRef = B374E7DD2784B02100422E9C /* View+Ext.swift */; };
		B374E7E22787839D00422E9C /* BaseVM.swift in Sources */ = {isa = PBXBuildFile; fileRef = B374E7E12787839D00422E9C /* BaseVM.swift */; };
		B374E7E527878F8C00422E9C /* CustomRoundedTextFIeldStyle.swift in Sources */ = {isa = PBXBuildFile; fileRef = B374E7E427878F8C00422E9C /* CustomRoundedTextFIeldStyle.swift */; };
		B375C97B2762140C0013895F /* Sides.plist in Resources */ = {isa = PBXBuildFile; fileRef = B375C97A2762140C0013895F /* Sides.plist */; };
		B375C97D276214580013895F /* Categories.plist in Resources */ = {isa = PBXBuildFile; fileRef = B375C97C276214580013895F /* Categories.plist */; };
		B375C981276216F10013895F /* PListManager.swift in Sources */ = {isa = PBXBuildFile; fileRef = B375C980276216F10013895F /* PListManager.swift */; };
		B375C98527621B060013895F /* SingleChoiceListView.swift in Sources */ = {isa = PBXBuildFile; fileRef = B375C98427621B060013895F /* SingleChoiceListView.swift */; };
		B375C98727621B170013895F /* SingleChoiceListVM.swift in Sources */ = {isa = PBXBuildFile; fileRef = B375C98627621B170013895F /* SingleChoiceListVM.swift */; };
		B375C98927621B380013895F /* MultiChoiceListView.swift in Sources */ = {isa = PBXBuildFile; fileRef = B375C98827621B380013895F /* MultiChoiceListView.swift */; };
		B375C98B27621B4B0013895F /* MultiChoiceListVM.swift in Sources */ = {isa = PBXBuildFile; fileRef = B375C98A27621B4B0013895F /* MultiChoiceListVM.swift */; };
		B375C99327629F140013895F /* MultiIngredientListView.swift in Sources */ = {isa = PBXBuildFile; fileRef = B375C99227629F140013895F /* MultiIngredientListView.swift */; };
		B37C63252760F3DB00DF3934 /* ImagePicker.swift in Sources */ = {isa = PBXBuildFile; fileRef = B37C63242760F3DB00DF3934 /* ImagePicker.swift */; };
		B385993A27736A1B0046AE4D /* ZoomImageView.swift in Sources */ = {isa = PBXBuildFile; fileRef = B385993927736A1B0046AE4D /* ZoomImageView.swift */; };
		B3A668C0276F9CA600533988 /* FavoritesListView.swift in Sources */ = {isa = PBXBuildFile; fileRef = B3A668BF276F9CA600533988 /* FavoritesListView.swift */; };
		B3A668C2276F9CB700533988 /* FavoritesListVM.swift in Sources */ = {isa = PBXBuildFile; fileRef = B3A668C1276F9CB700533988 /* FavoritesListVM.swift */; };
		B3A668C7276FA6E200533988 /* HistoryListVM.swift in Sources */ = {isa = PBXBuildFile; fileRef = B3A668C6276FA6E200533988 /* HistoryListVM.swift */; };
		B3A668C9276FA9D400533988 /* HistoryListView.swift in Sources */ = {isa = PBXBuildFile; fileRef = B3A668C8276FA9D400533988 /* HistoryListView.swift */; };
		B3A668CB276FB8C900533988 /* FavoriteCell.swift in Sources */ = {isa = PBXBuildFile; fileRef = B3A668CA276FB8C900533988 /* FavoriteCell.swift */; };
		B3A668CD2771042A00533988 /* HistoryCell.swift in Sources */ = {isa = PBXBuildFile; fileRef = B3A668CC2771042A00533988 /* HistoryCell.swift */; };
		B3A75CB527668ED90062C8B4 /* LoadingView.swift in Sources */ = {isa = PBXBuildFile; fileRef = B3A75CB427668ED90062C8B4 /* LoadingView.swift */; };
		B3A75CB7276699B30062C8B4 /* NoResultsViewWithImage.swift in Sources */ = {isa = PBXBuildFile; fileRef = B3A75CB6276699B30062C8B4 /* NoResultsViewWithImage.swift */; };
		B3AE0A182756D109001EAD15 /* Alert.swift in Sources */ = {isa = PBXBuildFile; fileRef = B3AE0A172756D109001EAD15 /* Alert.swift */; };
		B3B6CB44278C93DF00D3E5C5 /* MoreMealsButton.swift in Sources */ = {isa = PBXBuildFile; fileRef = B3B6CB43278C93DF00D3E5C5 /* MoreMealsButton.swift */; };
		B3CA2341274808CA00CA9C68 /* Meal_IdeasApp.swift in Sources */ = {isa = PBXBuildFile; fileRef = B3CA2340274808CA00CA9C68 /* Meal_IdeasApp.swift */; };
		B3CA2343274808CA00CA9C68 /* CoreDataExample.swift in Sources */ = {isa = PBXBuildFile; fileRef = B3CA2342274808CA00CA9C68 /* CoreDataExample.swift */; };
		B3CA2345274808D600CA9C68 /* Assets.xcassets in Resources */ = {isa = PBXBuildFile; fileRef = B3CA2344274808D600CA9C68 /* Assets.xcassets */; };
		B3CA2348274808D600CA9C68 /* Preview Assets.xcassets in Resources */ = {isa = PBXBuildFile; fileRef = B3CA2347274808D600CA9C68 /* Preview Assets.xcassets */; };
		B3CA234A274808D600CA9C68 /* PersistenceController.swift in Sources */ = {isa = PBXBuildFile; fileRef = B3CA2349274808D600CA9C68 /* PersistenceController.swift */; };
		B3CA234D274808D600CA9C68 /* Meal_Ideas.xcdatamodeld in Sources */ = {isa = PBXBuildFile; fileRef = B3CA234B274808D600CA9C68 /* Meal_Ideas.xcdatamodeld */; };
		B3CA2357274808D600CA9C68 /* Meal_IdeasTests.swift in Sources */ = {isa = PBXBuildFile; fileRef = B3CA2356274808D600CA9C68 /* Meal_IdeasTests.swift */; };
		B3CA2361274808D600CA9C68 /* Meal_IdeasUITests.swift in Sources */ = {isa = PBXBuildFile; fileRef = B3CA2360274808D600CA9C68 /* Meal_IdeasUITests.swift */; };
		B3CA2363274808D600CA9C68 /* Meal_IdeasUITestsLaunchTests.swift in Sources */ = {isa = PBXBuildFile; fileRef = B3CA2362274808D600CA9C68 /* Meal_IdeasUITestsLaunchTests.swift */; };
		B3CA23722748108C00CA9C68 /* MealIdeasTabView.swift in Sources */ = {isa = PBXBuildFile; fileRef = B3CA23712748108C00CA9C68 /* MealIdeasTabView.swift */; };
		B3CA23782748112500CA9C68 /* MyIdeasView.swift in Sources */ = {isa = PBXBuildFile; fileRef = B3CA23772748112500CA9C68 /* MyIdeasView.swift */; };
		B3CA237A2748114000CA9C68 /* MealDBView.swift in Sources */ = {isa = PBXBuildFile; fileRef = B3CA23792748114000CA9C68 /* MealDBView.swift */; };
		B3CA237C2748115D00CA9C68 /* SpoonView.swift in Sources */ = {isa = PBXBuildFile; fileRef = B3CA237B2748115D00CA9C68 /* SpoonView.swift */; };
		B3CEDD9E2756F9D200BB832B /* EditIdeaView.swift in Sources */ = {isa = PBXBuildFile; fileRef = B3CEDD9D2756F9D200BB832B /* EditIdeaView.swift */; };
		B3CEDDA02756FA1D00BB832B /* EditIdeaVM.swift in Sources */ = {isa = PBXBuildFile; fileRef = B3CEDD9F2756FA1D00BB832B /* EditIdeaVM.swift */; };
		B3CEDDA22756FB4400BB832B /* Double+Ext.swift in Sources */ = {isa = PBXBuildFile; fileRef = B3CEDDA12756FB4400BB832B /* Double+Ext.swift */; };
		B3CEDDA42756FBFB00BB832B /* ImageLoader.swift in Sources */ = {isa = PBXBuildFile; fileRef = B3CEDDA32756FBFB00BB832B /* ImageLoader.swift */; };
		B3CEDDA62756FC7700BB832B /* IngredientCell.swift in Sources */ = {isa = PBXBuildFile; fileRef = B3CEDDA52756FC7700BB832B /* IngredientCell.swift */; };
		B3CEDDA82756FCB800BB832B /* SingleIngredientListView.swift in Sources */ = {isa = PBXBuildFile; fileRef = B3CEDDA72756FCB800BB832B /* SingleIngredientListView.swift */; };
		B3CEDDAA2756FCE700BB832B /* IngredientListVM.swift in Sources */ = {isa = PBXBuildFile; fileRef = B3CEDDA92756FCE700BB832B /* IngredientListVM.swift */; };
		B3CEDDAC2756FD3800BB832B /* MealDBDetailVM.swift in Sources */ = {isa = PBXBuildFile; fileRef = B3CEDDAB2756FD3800BB832B /* MealDBDetailVM.swift */; };
		B3CEDDAE2756FD7D00BB832B /* MIError.swift in Sources */ = {isa = PBXBuildFile; fileRef = B3CEDDAD2756FD7D00BB832B /* MIError.swift */; };
		B3CEDDB02756FDB700BB832B /* NetworkManager.swift in Sources */ = {isa = PBXBuildFile; fileRef = B3CEDDAF2756FDB700BB832B /* NetworkManager.swift */; };
		B3CEDDB22756FDEA00BB832B /* Query.swift in Sources */ = {isa = PBXBuildFile; fileRef = B3CEDDB12756FDEA00BB832B /* Query.swift */; };
		B3CEDDB42756FE1D00BB832B /* QueryButtonView.swift in Sources */ = {isa = PBXBuildFile; fileRef = B3CEDDB32756FE1D00BB832B /* QueryButtonView.swift */; };
		B3CEDDB82756FEA300BB832B /* SpoonServingPrepHStack.swift in Sources */ = {isa = PBXBuildFile; fileRef = B3CEDDB72756FEA300BB832B /* SpoonServingPrepHStack.swift */; };
		B3CEDDBA2756FFB900BB832B /* SpoonDetailView.swift in Sources */ = {isa = PBXBuildFile; fileRef = B3CEDDB92756FFB900BB832B /* SpoonDetailView.swift */; };
		B3CEDDBC2756FFDD00BB832B /* SpoonDetailVM.swift in Sources */ = {isa = PBXBuildFile; fileRef = B3CEDDBB2756FFDD00BB832B /* SpoonDetailVM.swift */; };
		B3CEDDBE2757000F00BB832B /* SpoonJSON.swift in Sources */ = {isa = PBXBuildFile; fileRef = B3CEDDBD2757000F00BB832B /* SpoonJSON.swift */; };
		B3CEDDC02757005800BB832B /* SpoonVM.swift in Sources */ = {isa = PBXBuildFile; fileRef = B3CEDDBF2757005800BB832B /* SpoonVM.swift */; };
		B3CEDDC22757008800BB832B /* String+Ext.swift in Sources */ = {isa = PBXBuildFile; fileRef = B3CEDDC12757008800BB832B /* String+Ext.swift */; };
		B3CEDDC4275700E300BB832B /* ThingsToDo.swift in Sources */ = {isa = PBXBuildFile; fileRef = B3CEDDC3275700E300BB832B /* ThingsToDo.swift */; };
		B3D32CD8277FAA0E00FA4ACA /* BackgroundGradientView.swift in Sources */ = {isa = PBXBuildFile; fileRef = B3D32CD7277FAA0E00FA4ACA /* BackgroundGradientView.swift */; };
		B3D32CDA2783992500FA4ACA /* DetailViewIngredientListView.swift in Sources */ = {isa = PBXBuildFile; fileRef = B3D32CD92783992500FA4ACA /* DetailViewIngredientListView.swift */; };
		B3D32CDC278399E300FA4ACA /* DVIngredientCell.swift in Sources */ = {isa = PBXBuildFile; fileRef = B3D32CDB278399E300FA4ACA /* DVIngredientCell.swift */; };
/* End PBXBuildFile section */

/* Begin PBXContainerItemProxy section */
		B3CA2353274808D600CA9C68 /* PBXContainerItemProxy */ = {
			isa = PBXContainerItemProxy;
			containerPortal = B3CA2335274808CA00CA9C68 /* Project object */;
			proxyType = 1;
			remoteGlobalIDString = B3CA233C274808CA00CA9C68;
			remoteInfo = "Meal Ideas";
		};
		B3CA235D274808D600CA9C68 /* PBXContainerItemProxy */ = {
			isa = PBXContainerItemProxy;
			containerPortal = B3CA2335274808CA00CA9C68 /* Project object */;
			proxyType = 1;
			remoteGlobalIDString = B3CA233C274808CA00CA9C68;
			remoteInfo = "Meal Ideas";
		};
/* End PBXContainerItemProxy section */

/* Begin PBXFileReference section */
		B32D0307275E6C91003ACE14 /* Constants.swift */ = {isa = PBXFileReference; lastKnownFileType = sourcecode.swift; path = Constants.swift; sourceTree = "<group>"; };
		B345CC47277F64420065B78A /* MultiWheelPicker.swift */ = {isa = PBXFileReference; lastKnownFileType = sourcecode.swift; path = MultiWheelPicker.swift; sourceTree = "<group>"; };
		B345CC49277F6F470065B78A /* UserPrepHStack.swift */ = {isa = PBXFileReference; lastKnownFileType = sourcecode.swift; path = UserPrepHStack.swift; sourceTree = "<group>"; };
		B3606D922748224800E61972 /* Color+Ext.swift */ = {isa = PBXFileReference; lastKnownFileType = sourcecode.swift; path = "Color+Ext.swift"; sourceTree = "<group>"; };
		B3606D96274C1F6E00E61972 /* MyMealModel.swift */ = {isa = PBXFileReference; lastKnownFileType = sourcecode.swift; path = MyMealModel.swift; sourceTree = "<group>"; };
		B3606D98274C1FB500E61972 /* MealDBModel.swift */ = {isa = PBXFileReference; lastKnownFileType = sourcecode.swift; path = MealDBModel.swift; sourceTree = "<group>"; };
		B3606D9A274C201200E61972 /* SpoonMealModel.swift */ = {isa = PBXFileReference; lastKnownFileType = sourcecode.swift; path = SpoonMealModel.swift; sourceTree = "<group>"; };
		B3606D9C274C20AF00E61972 /* HistoryModel.swift */ = {isa = PBXFileReference; lastKnownFileType = sourcecode.swift; path = HistoryModel.swift; sourceTree = "<group>"; };
		B3606D9E274C210700E61972 /* FavoritesModel.swift */ = {isa = PBXFileReference; lastKnownFileType = sourcecode.swift; path = FavoritesModel.swift; sourceTree = "<group>"; };
		B3606DA0274C217700E61972 /* IngredientsModel.swift */ = {isa = PBXFileReference; lastKnownFileType = sourcecode.swift; path = IngredientsModel.swift; sourceTree = "<group>"; };
		B3606DA2274C2A8F00E61972 /* MealCardView.swift */ = {isa = PBXFileReference; lastKnownFileType = sourcecode.swift; path = MealCardView.swift; sourceTree = "<group>"; };
		B3606DA4274C446900E61972 /* TopView.swift */ = {isa = PBXFileReference; lastKnownFileType = sourcecode.swift; path = TopView.swift; sourceTree = "<group>"; };
		B3606DAA274D5E4A00E61972 /* MyIdeasDetailView.swift */ = {isa = PBXFileReference; lastKnownFileType = sourcecode.swift; path = MyIdeasDetailView.swift; sourceTree = "<group>"; };
		B3606DAD274D5EC900E61972 /* MyIdeasDetailVM.swift */ = {isa = PBXFileReference; lastKnownFileType = sourcecode.swift; path = MyIdeasDetailVM.swift; sourceTree = "<group>"; };
		B3606DAF274D691100E61972 /* LinkView.swift */ = {isa = PBXFileReference; lastKnownFileType = sourcecode.swift; path = LinkView.swift; sourceTree = "<group>"; };
		B3606DB1274D696700E61972 /* RecipeView.swift */ = {isa = PBXFileReference; lastKnownFileType = sourcecode.swift; path = RecipeView.swift; sourceTree = "<group>"; };
		B3606DB3274D69F300E61972 /* BadgesHStack.swift */ = {isa = PBXFileReference; lastKnownFileType = sourcecode.swift; path = BadgesHStack.swift; sourceTree = "<group>"; };
		B3606DB5274D6A4400E61972 /* IngredientVGrid.swift */ = {isa = PBXFileReference; lastKnownFileType = sourcecode.swift; path = IngredientVGrid.swift; sourceTree = "<group>"; };
		B3606DB7274D6AEA00E61972 /* MealNameView.swift */ = {isa = PBXFileReference; lastKnownFileType = sourcecode.swift; path = MealNameView.swift; sourceTree = "<group>"; };
		B3606DB9274D6B3400E61972 /* MealPhotoView.swift */ = {isa = PBXFileReference; lastKnownFileType = sourcecode.swift; path = MealPhotoView.swift; sourceTree = "<group>"; };
		B3606DBB274D6C8900E61972 /* IngredientGridCell.swift */ = {isa = PBXFileReference; lastKnownFileType = sourcecode.swift; path = IngredientGridCell.swift; sourceTree = "<group>"; };
		B3606DBE274D7A9800E61972 /* MealDBJSON.swift */ = {isa = PBXFileReference; lastKnownFileType = sourcecode.swift; path = MealDBJSON.swift; sourceTree = "<group>"; };
		B3606DC0274D7B0900E61972 /* MealDBVM.swift */ = {isa = PBXFileReference; lastKnownFileType = sourcecode.swift; path = MealDBVM.swift; sourceTree = "<group>"; };
		B3606DC3274D8E7C00E61972 /* MealDBDetailView.swift */ = {isa = PBXFileReference; lastKnownFileType = sourcecode.swift; path = MealDBDetailView.swift; sourceTree = "<group>"; };
		B3627BF8275F756B004A6519 /* EditMealsListView.swift */ = {isa = PBXFileReference; lastKnownFileType = sourcecode.swift; path = EditMealsListView.swift; sourceTree = "<group>"; };
		B3627BFA275F75C8004A6519 /* EditMealsListVM.swift */ = {isa = PBXFileReference; lastKnownFileType = sourcecode.swift; path = EditMealsListVM.swift; sourceTree = "<group>"; };
		B3627BFC275FC67F004A6519 /* MyIdeasVM.swift */ = {isa = PBXFileReference; lastKnownFileType = sourcecode.swift; path = MyIdeasVM.swift; sourceTree = "<group>"; };
		B374E7D7278496C800422E9C /* MealDBFunctions.swift */ = {isa = PBXFileReference; fileEncoding = 4; lastKnownFileType = sourcecode.swift; path = MealDBFunctions.swift; sourceTree = "<group>"; };
		B374E7D8278496C800422E9C /* APIKey.swift */ = {isa = PBXFileReference; fileEncoding = 4; lastKnownFileType = sourcecode.swift; path = APIKey.swift; sourceTree = "<group>"; };
		B374E7D9278496C800422E9C /* SpoonFunctions.swift */ = {isa = PBXFileReference; fileEncoding = 4; lastKnownFileType = sourcecode.swift; path = SpoonFunctions.swift; sourceTree = "<group>"; };
		B374E7DD2784B02100422E9C /* View+Ext.swift */ = {isa = PBXFileReference; lastKnownFileType = sourcecode.swift; path = "View+Ext.swift"; sourceTree = "<group>"; };
		B374E7E12787839D00422E9C /* BaseVM.swift */ = {isa = PBXFileReference; lastKnownFileType = sourcecode.swift; path = BaseVM.swift; sourceTree = "<group>"; };
		B374E7E427878F8C00422E9C /* CustomRoundedTextFIeldStyle.swift */ = {isa = PBXFileReference; lastKnownFileType = sourcecode.swift; path = CustomRoundedTextFIeldStyle.swift; sourceTree = "<group>"; };
		B375C97A2762140C0013895F /* Sides.plist */ = {isa = PBXFileReference; lastKnownFileType = text.plist.xml; path = Sides.plist; sourceTree = "<group>"; };
		B375C97C276214580013895F /* Categories.plist */ = {isa = PBXFileReference; lastKnownFileType = text.plist.xml; path = Categories.plist; sourceTree = "<group>"; };
		B375C980276216F10013895F /* PListManager.swift */ = {isa = PBXFileReference; lastKnownFileType = sourcecode.swift; path = PListManager.swift; sourceTree = "<group>"; };
		B375C98427621B060013895F /* SingleChoiceListView.swift */ = {isa = PBXFileReference; lastKnownFileType = sourcecode.swift; path = SingleChoiceListView.swift; sourceTree = "<group>"; };
		B375C98627621B170013895F /* SingleChoiceListVM.swift */ = {isa = PBXFileReference; lastKnownFileType = sourcecode.swift; path = SingleChoiceListVM.swift; sourceTree = "<group>"; };
		B375C98827621B380013895F /* MultiChoiceListView.swift */ = {isa = PBXFileReference; lastKnownFileType = sourcecode.swift; path = MultiChoiceListView.swift; sourceTree = "<group>"; };
		B375C98A27621B4B0013895F /* MultiChoiceListVM.swift */ = {isa = PBXFileReference; lastKnownFileType = sourcecode.swift; path = MultiChoiceListVM.swift; sourceTree = "<group>"; };
		B375C99227629F140013895F /* MultiIngredientListView.swift */ = {isa = PBXFileReference; lastKnownFileType = sourcecode.swift; path = MultiIngredientListView.swift; sourceTree = "<group>"; };
		B37C63242760F3DB00DF3934 /* ImagePicker.swift */ = {isa = PBXFileReference; lastKnownFileType = sourcecode.swift; path = ImagePicker.swift; sourceTree = "<group>"; };
		B385993927736A1B0046AE4D /* ZoomImageView.swift */ = {isa = PBXFileReference; lastKnownFileType = sourcecode.swift; path = ZoomImageView.swift; sourceTree = "<group>"; };
		B3A668BF276F9CA600533988 /* FavoritesListView.swift */ = {isa = PBXFileReference; lastKnownFileType = sourcecode.swift; path = FavoritesListView.swift; sourceTree = "<group>"; };
		B3A668C1276F9CB700533988 /* FavoritesListVM.swift */ = {isa = PBXFileReference; lastKnownFileType = sourcecode.swift; path = FavoritesListVM.swift; sourceTree = "<group>"; };
		B3A668C6276FA6E200533988 /* HistoryListVM.swift */ = {isa = PBXFileReference; lastKnownFileType = sourcecode.swift; path = HistoryListVM.swift; sourceTree = "<group>"; };
		B3A668C8276FA9D400533988 /* HistoryListView.swift */ = {isa = PBXFileReference; lastKnownFileType = sourcecode.swift; path = HistoryListView.swift; sourceTree = "<group>"; };
		B3A668CA276FB8C900533988 /* FavoriteCell.swift */ = {isa = PBXFileReference; lastKnownFileType = sourcecode.swift; path = FavoriteCell.swift; sourceTree = "<group>"; };
		B3A668CC2771042A00533988 /* HistoryCell.swift */ = {isa = PBXFileReference; lastKnownFileType = sourcecode.swift; path = HistoryCell.swift; sourceTree = "<group>"; };
		B3A75CB427668ED90062C8B4 /* LoadingView.swift */ = {isa = PBXFileReference; lastKnownFileType = sourcecode.swift; path = LoadingView.swift; sourceTree = "<group>"; };
		B3A75CB6276699B30062C8B4 /* NoResultsViewWithImage.swift */ = {isa = PBXFileReference; lastKnownFileType = sourcecode.swift; path = NoResultsViewWithImage.swift; sourceTree = "<group>"; };
		B3AE0A172756D109001EAD15 /* Alert.swift */ = {isa = PBXFileReference; lastKnownFileType = sourcecode.swift; path = Alert.swift; sourceTree = "<group>"; };
		B3B6CB43278C93DF00D3E5C5 /* MoreMealsButton.swift */ = {isa = PBXFileReference; lastKnownFileType = sourcecode.swift; path = MoreMealsButton.swift; sourceTree = "<group>"; };
		B3CA233D274808CA00CA9C68 /* Meal Ideas.app */ = {isa = PBXFileReference; explicitFileType = wrapper.application; includeInIndex = 0; path = "Meal Ideas.app"; sourceTree = BUILT_PRODUCTS_DIR; };
		B3CA2340274808CA00CA9C68 /* Meal_IdeasApp.swift */ = {isa = PBXFileReference; lastKnownFileType = sourcecode.swift; path = Meal_IdeasApp.swift; sourceTree = "<group>"; };
		B3CA2342274808CA00CA9C68 /* CoreDataExample.swift */ = {isa = PBXFileReference; lastKnownFileType = sourcecode.swift; path = CoreDataExample.swift; sourceTree = "<group>"; };
		B3CA2344274808D600CA9C68 /* Assets.xcassets */ = {isa = PBXFileReference; lastKnownFileType = folder.assetcatalog; path = Assets.xcassets; sourceTree = "<group>"; };
		B3CA2347274808D600CA9C68 /* Preview Assets.xcassets */ = {isa = PBXFileReference; lastKnownFileType = folder.assetcatalog; path = "Preview Assets.xcassets"; sourceTree = "<group>"; };
		B3CA2349274808D600CA9C68 /* PersistenceController.swift */ = {isa = PBXFileReference; lastKnownFileType = sourcecode.swift; path = PersistenceController.swift; sourceTree = "<group>"; };
		B3CA234C274808D600CA9C68 /* Meal_Ideas.xcdatamodel */ = {isa = PBXFileReference; lastKnownFileType = wrapper.xcdatamodel; path = Meal_Ideas.xcdatamodel; sourceTree = "<group>"; };
		B3CA2352274808D600CA9C68 /* Meal IdeasTests.xctest */ = {isa = PBXFileReference; explicitFileType = wrapper.cfbundle; includeInIndex = 0; path = "Meal IdeasTests.xctest"; sourceTree = BUILT_PRODUCTS_DIR; };
		B3CA2356274808D600CA9C68 /* Meal_IdeasTests.swift */ = {isa = PBXFileReference; lastKnownFileType = sourcecode.swift; path = Meal_IdeasTests.swift; sourceTree = "<group>"; };
		B3CA235C274808D600CA9C68 /* Meal IdeasUITests.xctest */ = {isa = PBXFileReference; explicitFileType = wrapper.cfbundle; includeInIndex = 0; path = "Meal IdeasUITests.xctest"; sourceTree = BUILT_PRODUCTS_DIR; };
		B3CA2360274808D600CA9C68 /* Meal_IdeasUITests.swift */ = {isa = PBXFileReference; lastKnownFileType = sourcecode.swift; path = Meal_IdeasUITests.swift; sourceTree = "<group>"; };
		B3CA2362274808D600CA9C68 /* Meal_IdeasUITestsLaunchTests.swift */ = {isa = PBXFileReference; lastKnownFileType = sourcecode.swift; path = Meal_IdeasUITestsLaunchTests.swift; sourceTree = "<group>"; };
		B3CA23712748108C00CA9C68 /* MealIdeasTabView.swift */ = {isa = PBXFileReference; lastKnownFileType = sourcecode.swift; path = MealIdeasTabView.swift; sourceTree = "<group>"; };
		B3CA23772748112500CA9C68 /* MyIdeasView.swift */ = {isa = PBXFileReference; lastKnownFileType = sourcecode.swift; path = MyIdeasView.swift; sourceTree = "<group>"; };
		B3CA23792748114000CA9C68 /* MealDBView.swift */ = {isa = PBXFileReference; lastKnownFileType = sourcecode.swift; path = MealDBView.swift; sourceTree = "<group>"; };
		B3CA237B2748115D00CA9C68 /* SpoonView.swift */ = {isa = PBXFileReference; lastKnownFileType = sourcecode.swift; path = SpoonView.swift; sourceTree = "<group>"; };
		B3CEDD9D2756F9D200BB832B /* EditIdeaView.swift */ = {isa = PBXFileReference; lastKnownFileType = sourcecode.swift; path = EditIdeaView.swift; sourceTree = "<group>"; };
		B3CEDD9F2756FA1D00BB832B /* EditIdeaVM.swift */ = {isa = PBXFileReference; lastKnownFileType = sourcecode.swift; path = EditIdeaVM.swift; sourceTree = "<group>"; };
		B3CEDDA12756FB4400BB832B /* Double+Ext.swift */ = {isa = PBXFileReference; lastKnownFileType = sourcecode.swift; path = "Double+Ext.swift"; sourceTree = "<group>"; };
		B3CEDDA32756FBFB00BB832B /* ImageLoader.swift */ = {isa = PBXFileReference; lastKnownFileType = sourcecode.swift; path = ImageLoader.swift; sourceTree = "<group>"; };
		B3CEDDA52756FC7700BB832B /* IngredientCell.swift */ = {isa = PBXFileReference; lastKnownFileType = sourcecode.swift; path = IngredientCell.swift; sourceTree = "<group>"; };
		B3CEDDA72756FCB800BB832B /* SingleIngredientListView.swift */ = {isa = PBXFileReference; lastKnownFileType = sourcecode.swift; path = SingleIngredientListView.swift; sourceTree = "<group>"; };
		B3CEDDA92756FCE700BB832B /* IngredientListVM.swift */ = {isa = PBXFileReference; lastKnownFileType = sourcecode.swift; path = IngredientListVM.swift; sourceTree = "<group>"; };
		B3CEDDAB2756FD3800BB832B /* MealDBDetailVM.swift */ = {isa = PBXFileReference; lastKnownFileType = sourcecode.swift; path = MealDBDetailVM.swift; sourceTree = "<group>"; };
		B3CEDDAD2756FD7D00BB832B /* MIError.swift */ = {isa = PBXFileReference; lastKnownFileType = sourcecode.swift; path = MIError.swift; sourceTree = "<group>"; };
		B3CEDDAF2756FDB700BB832B /* NetworkManager.swift */ = {isa = PBXFileReference; lastKnownFileType = sourcecode.swift; path = NetworkManager.swift; sourceTree = "<group>"; };
		B3CEDDB12756FDEA00BB832B /* Query.swift */ = {isa = PBXFileReference; lastKnownFileType = sourcecode.swift; path = Query.swift; sourceTree = "<group>"; };
		B3CEDDB32756FE1D00BB832B /* QueryButtonView.swift */ = {isa = PBXFileReference; lastKnownFileType = sourcecode.swift; path = QueryButtonView.swift; sourceTree = "<group>"; };
		B3CEDDB72756FEA300BB832B /* SpoonServingPrepHStack.swift */ = {isa = PBXFileReference; lastKnownFileType = sourcecode.swift; path = SpoonServingPrepHStack.swift; sourceTree = "<group>"; };
		B3CEDDB92756FFB900BB832B /* SpoonDetailView.swift */ = {isa = PBXFileReference; lastKnownFileType = sourcecode.swift; path = SpoonDetailView.swift; sourceTree = "<group>"; };
		B3CEDDBB2756FFDD00BB832B /* SpoonDetailVM.swift */ = {isa = PBXFileReference; lastKnownFileType = sourcecode.swift; path = SpoonDetailVM.swift; sourceTree = "<group>"; };
		B3CEDDBD2757000F00BB832B /* SpoonJSON.swift */ = {isa = PBXFileReference; lastKnownFileType = sourcecode.swift; path = SpoonJSON.swift; sourceTree = "<group>"; };
		B3CEDDBF2757005800BB832B /* SpoonVM.swift */ = {isa = PBXFileReference; lastKnownFileType = sourcecode.swift; path = SpoonVM.swift; sourceTree = "<group>"; };
		B3CEDDC12757008800BB832B /* String+Ext.swift */ = {isa = PBXFileReference; lastKnownFileType = sourcecode.swift; path = "String+Ext.swift"; sourceTree = "<group>"; };
		B3CEDDC3275700E300BB832B /* ThingsToDo.swift */ = {isa = PBXFileReference; lastKnownFileType = sourcecode.swift; path = ThingsToDo.swift; sourceTree = "<group>"; };
		B3D32CD7277FAA0E00FA4ACA /* BackgroundGradientView.swift */ = {isa = PBXFileReference; lastKnownFileType = sourcecode.swift; path = BackgroundGradientView.swift; sourceTree = "<group>"; };
		B3D32CD92783992500FA4ACA /* DetailViewIngredientListView.swift */ = {isa = PBXFileReference; lastKnownFileType = sourcecode.swift; path = DetailViewIngredientListView.swift; sourceTree = "<group>"; };
		B3D32CDB278399E300FA4ACA /* DVIngredientCell.swift */ = {isa = PBXFileReference; lastKnownFileType = sourcecode.swift; path = DVIngredientCell.swift; sourceTree = "<group>"; };
/* End PBXFileReference section */

/* Begin PBXFrameworksBuildPhase section */
		B3CA233A274808CA00CA9C68 /* Frameworks */ = {
			isa = PBXFrameworksBuildPhase;
			buildActionMask = 2147483647;
			files = (
			);
			runOnlyForDeploymentPostprocessing = 0;
		};
		B3CA234F274808D600CA9C68 /* Frameworks */ = {
			isa = PBXFrameworksBuildPhase;
			buildActionMask = 2147483647;
			files = (
			);
			runOnlyForDeploymentPostprocessing = 0;
		};
		B3CA2359274808D600CA9C68 /* Frameworks */ = {
			isa = PBXFrameworksBuildPhase;
			buildActionMask = 2147483647;
			files = (
			);
			runOnlyForDeploymentPostprocessing = 0;
		};
/* End PBXFrameworksBuildPhase section */

/* Begin PBXGroup section */
		B3606D8F2748221E00E61972 /* Views */ = {
			isa = PBXGroup;
			children = (
				B3B6CB42278C93BF00D3E5C5 /* Buttons */,
				B37C63232760F3B500DF3934 /* UIKit COmponents */,
				B3C2BDCE27552FFC00CD5EE0 /* Cells */,
				B3606DAC274D5E8000E61972 /* Detail Views */,
				B3606DA4274C446900E61972 /* TopView.swift */,
				B3A75CB427668ED90062C8B4 /* LoadingView.swift */,
				B3A75CB6276699B30062C8B4 /* NoResultsViewWithImage.swift */,
				B3D32CD7277FAA0E00FA4ACA /* BackgroundGradientView.swift */,
			);
			path = Views;
			sourceTree = "<group>";
		};
		B3606D902748222800E61972 /* Extensions */ = {
			isa = PBXGroup;
			children = (
				B3606D922748224800E61972 /* Color+Ext.swift */,
				B3CEDDA12756FB4400BB832B /* Double+Ext.swift */,
				B3CEDDC12757008800BB832B /* String+Ext.swift */,
				B374E7DD2784B02100422E9C /* View+Ext.swift */,
			);
			path = Extensions;
			sourceTree = "<group>";
		};
		B3606D94274C1BD900E61972 /* Model */ = {
			isa = PBXGroup;
			children = (
				B375C979276213E30013895F /* PLists */,
				B3606DBD274D7A8100E61972 /* JSON Samples */,
				B3606D96274C1F6E00E61972 /* MyMealModel.swift */,
				B3606D98274C1FB500E61972 /* MealDBModel.swift */,
				B3606D9A274C201200E61972 /* SpoonMealModel.swift */,
				B3606D9C274C20AF00E61972 /* HistoryModel.swift */,
				B3606D9E274C210700E61972 /* FavoritesModel.swift */,
				B3606DA0274C217700E61972 /* IngredientsModel.swift */,
				B3CEDDB12756FDEA00BB832B /* Query.swift */,
			);
			path = Model;
			sourceTree = "<group>";
		};
		B3606DA9274D5DDF00E61972 /* My Ideas Detail View */ = {
			isa = PBXGroup;
			children = (
				B3606DAA274D5E4A00E61972 /* MyIdeasDetailView.swift */,
				B3606DAD274D5EC900E61972 /* MyIdeasDetailVM.swift */,
			);
			path = "My Ideas Detail View";
			sourceTree = "<group>";
		};
		B3606DAC274D5E8000E61972 /* Detail Views */ = {
			isa = PBXGroup;
			children = (
				B3606DB9274D6B3400E61972 /* MealPhotoView.swift */,
				B3606DB7274D6AEA00E61972 /* MealNameView.swift */,
				B3606DB3274D69F300E61972 /* BadgesHStack.swift */,
				B3606DB5274D6A4400E61972 /* IngredientVGrid.swift */,
				B3606DB1274D696700E61972 /* RecipeView.swift */,
				B3606DAF274D691100E61972 /* LinkView.swift */,
				B3CEDDB72756FEA300BB832B /* SpoonServingPrepHStack.swift */,
				B345CC49277F6F470065B78A /* UserPrepHStack.swift */,
				B3D32CD92783992500FA4ACA /* DetailViewIngredientListView.swift */,
			);
			path = "Detail Views";
			sourceTree = "<group>";
		};
		B3606DBD274D7A8100E61972 /* JSON Samples */ = {
			isa = PBXGroup;
			children = (
				B3606DBE274D7A9800E61972 /* MealDBJSON.swift */,
				B3CEDDBD2757000F00BB832B /* SpoonJSON.swift */,
			);
			path = "JSON Samples";
			sourceTree = "<group>";
		};
		B3606DC2274D8E5700E61972 /* MealDB Detail View */ = {
			isa = PBXGroup;
			children = (
				B3606DC3274D8E7C00E61972 /* MealDBDetailView.swift */,
				B3CEDDAB2756FD3800BB832B /* MealDBDetailVM.swift */,
			);
			path = "MealDB Detail View";
			sourceTree = "<group>";
		};
		B3627BF6275F6CFF004A6519 /* Core Data Example */ = {
			isa = PBXGroup;
			children = (
				B3CA2342274808CA00CA9C68 /* CoreDataExample.swift */,
			);
			path = "Core Data Example";
			sourceTree = "<group>";
		};
		B3627BF7275F754B004A6519 /* Edit Meals List */ = {
			isa = PBXGroup;
			children = (
				B3627BF8275F756B004A6519 /* EditMealsListView.swift */,
				B3627BFA275F75C8004A6519 /* EditMealsListVM.swift */,
			);
			path = "Edit Meals List";
			sourceTree = "<group>";
		};
		B374E7D6278496C800422E9C /* Ignored */ = {
			isa = PBXGroup;
			children = (
				B374E7D7278496C800422E9C /* MealDBFunctions.swift */,
				B374E7D8278496C800422E9C /* APIKey.swift */,
				B374E7D9278496C800422E9C /* SpoonFunctions.swift */,
			);
			name = Ignored;
			path = ../../../../../Desktop/Ignored;
			sourceTree = "<group>";
		};
		B374E7E327878F6500422E9C /* Modifiers */ = {
			isa = PBXGroup;
			children = (
				B374E7E427878F8C00422E9C /* CustomRoundedTextFIeldStyle.swift */,
			);
			path = Modifiers;
			sourceTree = "<group>";
		};
		B375C979276213E30013895F /* PLists */ = {
			isa = PBXGroup;
			children = (
				B375C97A2762140C0013895F /* Sides.plist */,
				B375C97C276214580013895F /* Categories.plist */,
			);
			path = PLists;
			sourceTree = "<group>";
		};
		B375C98227621A460013895F /* Plist Single Choice List */ = {
			isa = PBXGroup;
			children = (
				B375C98427621B060013895F /* SingleChoiceListView.swift */,
				B375C98627621B170013895F /* SingleChoiceListVM.swift */,
			);
			path = "Plist Single Choice List";
			sourceTree = "<group>";
		};
		B375C98327621A7D0013895F /* Plist Multi Choice List */ = {
			isa = PBXGroup;
			children = (
				B375C98827621B380013895F /* MultiChoiceListView.swift */,
				B375C98A27621B4B0013895F /* MultiChoiceListVM.swift */,
			);
			path = "Plist Multi Choice List";
			sourceTree = "<group>";
		};
		B375C98C276255860013895F /* My Ideas Screens */ = {
			isa = PBXGroup;
			children = (
				B3CA2374274810D100CA9C68 /* My Ideas */,
				B3C37AF027566F4800D0E841 /* Edit Idea */,
			);
			path = "My Ideas Screens";
			sourceTree = "<group>";
		};
		B375C98D276255B00013895F /* Lists */ = {
			isa = PBXGroup;
			children = (
				B3627BF7275F754B004A6519 /* Edit Meals List */,
				B3A668C3276FA6A100533988 /* History List */,
				B3A668BE276F9C7F00533988 /* Favorites List */,
				B3C2BDC92755170A00CD5EE0 /* Ingredient List View */,
				B375C98327621A7D0013895F /* Plist Multi Choice List */,
				B375C98227621A460013895F /* Plist Single Choice List */,
			);
			path = Lists;
			sourceTree = "<group>";
		};
		B375C9942762A0690013895F /* Single */ = {
			isa = PBXGroup;
			children = (
				B3CEDDA72756FCB800BB832B /* SingleIngredientListView.swift */,
			);
			path = Single;
			sourceTree = "<group>";
		};
		B375C9952762A0700013895F /* Multiple */ = {
			isa = PBXGroup;
			children = (
				B375C99227629F140013895F /* MultiIngredientListView.swift */,
			);
			path = Multiple;
			sourceTree = "<group>";
		};
		B37C63232760F3B500DF3934 /* UIKit COmponents */ = {
			isa = PBXGroup;
			children = (
				B37C63242760F3DB00DF3934 /* ImagePicker.swift */,
				B345CC47277F64420065B78A /* MultiWheelPicker.swift */,
			);
			path = "UIKit COmponents";
			sourceTree = "<group>";
		};
		B37E360827481DB500687A8C /* Utilities */ = {
			isa = PBXGroup;
			children = (
				B374E7E327878F6500422E9C /* Modifiers */,
				B374E7D6278496C800422E9C /* Ignored */,
				B3C2BDB1275264B800CD5EE0 /* Alerts */,
				B3C2BDAC2752632300CD5EE0 /* Managers */,
				B3606D902748222800E61972 /* Extensions */,
				B3CEDDC3275700E300BB832B /* ThingsToDo.swift */,
				B32D0307275E6C91003ACE14 /* Constants.swift */,
			);
			path = Utilities;
			sourceTree = "<group>";
		};
		B3859936277358700046AE4D /* Magnify Image */ = {
			isa = PBXGroup;
			children = (
				B385993927736A1B0046AE4D /* ZoomImageView.swift */,
			);
			path = "Magnify Image";
			sourceTree = "<group>";
		};
		B3A668BE276F9C7F00533988 /* Favorites List */ = {
			isa = PBXGroup;
			children = (
				B3A668BF276F9CA600533988 /* FavoritesListView.swift */,
				B3A668C1276F9CB700533988 /* FavoritesListVM.swift */,
			);
			path = "Favorites List";
			sourceTree = "<group>";
		};
		B3A668C3276FA6A100533988 /* History List */ = {
			isa = PBXGroup;
			children = (
				B3A668C8276FA9D400533988 /* HistoryListView.swift */,
				B3A668C6276FA6E200533988 /* HistoryListVM.swift */,
			);
			path = "History List";
			sourceTree = "<group>";
		};
		B3B6CB42278C93BF00D3E5C5 /* Buttons */ = {
			isa = PBXGroup;
			children = (
				B3B6CB43278C93DF00D3E5C5 /* MoreMealsButton.swift */,
				B3CEDDB32756FE1D00BB832B /* QueryButtonView.swift */,
			);
			path = Buttons;
			sourceTree = "<group>";
		};
		B3C2BDAC2752632300CD5EE0 /* Managers */ = {
			isa = PBXGroup;
			children = (
				B3CEDDA32756FBFB00BB832B /* ImageLoader.swift */,
				B3CA2349274808D600CA9C68 /* PersistenceController.swift */,
				B3CEDDAF2756FDB700BB832B /* NetworkManager.swift */,
				B375C980276216F10013895F /* PListManager.swift */,
			);
			path = Managers;
			sourceTree = "<group>";
		};
		B3C2BDB1275264B800CD5EE0 /* Alerts */ = {
			isa = PBXGroup;
			children = (
				B3AE0A172756D109001EAD15 /* Alert.swift */,
				B3CEDDAD2756FD7D00BB832B /* MIError.swift */,
			);
			path = Alerts;
			sourceTree = "<group>";
		};
		B3C2BDBE2753CDCF00CD5EE0 /* SpoonDetailView */ = {
			isa = PBXGroup;
			children = (
				B3CEDDB92756FFB900BB832B /* SpoonDetailView.swift */,
				B3CEDDBB2756FFDD00BB832B /* SpoonDetailVM.swift */,
			);
			path = SpoonDetailView;
			sourceTree = "<group>";
		};
		B3C2BDC92755170A00CD5EE0 /* Ingredient List View */ = {
			isa = PBXGroup;
			children = (
				B3CEDDA92756FCE700BB832B /* IngredientListVM.swift */,
				B375C9952762A0700013895F /* Multiple */,
				B375C9942762A0690013895F /* Single */,
			);
			path = "Ingredient List View";
			sourceTree = "<group>";
		};
		B3C2BDCE27552FFC00CD5EE0 /* Cells */ = {
			isa = PBXGroup;
			children = (
				B3606DA2274C2A8F00E61972 /* MealCardView.swift */,
				B3CEDDA52756FC7700BB832B /* IngredientCell.swift */,
				B3A668CA276FB8C900533988 /* FavoriteCell.swift */,
				B3A668CC2771042A00533988 /* HistoryCell.swift */,
				B3D32CDB278399E300FA4ACA /* DVIngredientCell.swift */,
				B3606DBB274D6C8900E61972 /* IngredientGridCell.swift */,
			);
			path = Cells;
			sourceTree = "<group>";
		};
		B3C37AF027566F4800D0E841 /* Edit Idea */ = {
			isa = PBXGroup;
			children = (
				B3CEDD9D2756F9D200BB832B /* EditIdeaView.swift */,
				B3CEDD9F2756FA1D00BB832B /* EditIdeaVM.swift */,
			);
			path = "Edit Idea";
			sourceTree = "<group>";
		};
		B3CA2334274808CA00CA9C68 = {
			isa = PBXGroup;
			children = (
				B3CA233F274808CA00CA9C68 /* Meal Ideas */,
				B3CA2355274808D600CA9C68 /* Meal IdeasTests */,
				B3CA235F274808D600CA9C68 /* Meal IdeasUITests */,
				B3CA233E274808CA00CA9C68 /* Products */,
			);
			sourceTree = "<group>";
		};
		B3CA233E274808CA00CA9C68 /* Products */ = {
			isa = PBXGroup;
			children = (
				B3CA233D274808CA00CA9C68 /* Meal Ideas.app */,
				B3CA2352274808D600CA9C68 /* Meal IdeasTests.xctest */,
				B3CA235C274808D600CA9C68 /* Meal IdeasUITests.xctest */,
			);
			name = Products;
			sourceTree = "<group>";
		};
		B3CA233F274808CA00CA9C68 /* Meal Ideas */ = {
			isa = PBXGroup;
			children = (
				B3606D94274C1BD900E61972 /* Model */,
				B3606D8F2748221E00E61972 /* Views */,
				B37E360827481DB500687A8C /* Utilities */,
				B3CA2373274810C900CA9C68 /* Screens */,
				B3CA2340274808CA00CA9C68 /* Meal_IdeasApp.swift */,
				B3627BF6275F6CFF004A6519 /* Core Data Example */,
				B3CA2344274808D600CA9C68 /* Assets.xcassets */,
				B3CA234B274808D600CA9C68 /* Meal_Ideas.xcdatamodeld */,
				B3CA2346274808D600CA9C68 /* Preview Content */,
			);
			path = "Meal Ideas";
			sourceTree = "<group>";
		};
		B3CA2346274808D600CA9C68 /* Preview Content */ = {
			isa = PBXGroup;
			children = (
				B3CA2347274808D600CA9C68 /* Preview Assets.xcassets */,
			);
			path = "Preview Content";
			sourceTree = "<group>";
		};
		B3CA2355274808D600CA9C68 /* Meal IdeasTests */ = {
			isa = PBXGroup;
			children = (
				B3CA2356274808D600CA9C68 /* Meal_IdeasTests.swift */,
			);
			path = "Meal IdeasTests";
			sourceTree = "<group>";
		};
		B3CA235F274808D600CA9C68 /* Meal IdeasUITests */ = {
			isa = PBXGroup;
			children = (
				B3CA2360274808D600CA9C68 /* Meal_IdeasUITests.swift */,
				B3CA2362274808D600CA9C68 /* Meal_IdeasUITestsLaunchTests.swift */,
			);
			path = "Meal IdeasUITests";
			sourceTree = "<group>";
		};
		B3CA2373274810C900CA9C68 /* Screens */ = {
			isa = PBXGroup;
			children = (
				B3859936277358700046AE4D /* Magnify Image */,
				B375C98D276255B00013895F /* Lists */,
				B375C98C276255860013895F /* My Ideas Screens */,
				B3CA2375274810E200CA9C68 /* MealDB */,
				B3CA2376274810EB00CA9C68 /* Spoonacular */,
				B3CA23712748108C00CA9C68 /* MealIdeasTabView.swift */,
				B374E7E12787839D00422E9C /* BaseVM.swift */,
			);
			path = Screens;
			sourceTree = "<group>";
		};
		B3CA2374274810D100CA9C68 /* My Ideas */ = {
			isa = PBXGroup;
			children = (
				B3606DA9274D5DDF00E61972 /* My Ideas Detail View */,
				B3CA23772748112500CA9C68 /* MyIdeasView.swift */,
				B3627BFC275FC67F004A6519 /* MyIdeasVM.swift */,
			);
			path = "My Ideas";
			sourceTree = "<group>";
		};
		B3CA2375274810E200CA9C68 /* MealDB */ = {
			isa = PBXGroup;
			children = (
				B3606DC2274D8E5700E61972 /* MealDB Detail View */,
				B3CA23792748114000CA9C68 /* MealDBView.swift */,
				B3606DC0274D7B0900E61972 /* MealDBVM.swift */,
			);
			path = MealDB;
			sourceTree = "<group>";
		};
		B3CA2376274810EB00CA9C68 /* Spoonacular */ = {
			isa = PBXGroup;
			children = (
				B3C2BDBE2753CDCF00CD5EE0 /* SpoonDetailView */,
				B3CA237B2748115D00CA9C68 /* SpoonView.swift */,
				B3CEDDBF2757005800BB832B /* SpoonVM.swift */,
			);
			path = Spoonacular;
			sourceTree = "<group>";
		};
/* End PBXGroup section */

/* Begin PBXNativeTarget section */
		B3CA233C274808CA00CA9C68 /* Meal Ideas */ = {
			isa = PBXNativeTarget;
			buildConfigurationList = B3CA2366274808D600CA9C68 /* Build configuration list for PBXNativeTarget "Meal Ideas" */;
			buildPhases = (
				B3CA2339274808CA00CA9C68 /* Sources */,
				B3CA233A274808CA00CA9C68 /* Frameworks */,
				B3CA233B274808CA00CA9C68 /* Resources */,
			);
			buildRules = (
			);
			dependencies = (
			);
			name = "Meal Ideas";
			productName = "Meal Ideas";
			productReference = B3CA233D274808CA00CA9C68 /* Meal Ideas.app */;
			productType = "com.apple.product-type.application";
		};
		B3CA2351274808D600CA9C68 /* Meal IdeasTests */ = {
			isa = PBXNativeTarget;
			buildConfigurationList = B3CA2369274808D600CA9C68 /* Build configuration list for PBXNativeTarget "Meal IdeasTests" */;
			buildPhases = (
				B3CA234E274808D600CA9C68 /* Sources */,
				B3CA234F274808D600CA9C68 /* Frameworks */,
				B3CA2350274808D600CA9C68 /* Resources */,
			);
			buildRules = (
			);
			dependencies = (
				B3CA2354274808D600CA9C68 /* PBXTargetDependency */,
			);
			name = "Meal IdeasTests";
			productName = "Meal IdeasTests";
			productReference = B3CA2352274808D600CA9C68 /* Meal IdeasTests.xctest */;
			productType = "com.apple.product-type.bundle.unit-test";
		};
		B3CA235B274808D600CA9C68 /* Meal IdeasUITests */ = {
			isa = PBXNativeTarget;
			buildConfigurationList = B3CA236C274808D600CA9C68 /* Build configuration list for PBXNativeTarget "Meal IdeasUITests" */;
			buildPhases = (
				B3CA2358274808D600CA9C68 /* Sources */,
				B3CA2359274808D600CA9C68 /* Frameworks */,
				B3CA235A274808D600CA9C68 /* Resources */,
			);
			buildRules = (
			);
			dependencies = (
				B3CA235E274808D600CA9C68 /* PBXTargetDependency */,
			);
			name = "Meal IdeasUITests";
			productName = "Meal IdeasUITests";
			productReference = B3CA235C274808D600CA9C68 /* Meal IdeasUITests.xctest */;
			productType = "com.apple.product-type.bundle.ui-testing";
		};
/* End PBXNativeTarget section */

/* Begin PBXProject section */
		B3CA2335274808CA00CA9C68 /* Project object */ = {
			isa = PBXProject;
			attributes = {
				BuildIndependentTargetsInParallel = 1;
				LastSwiftUpdateCheck = 1310;
				LastUpgradeCheck = 1310;
				TargetAttributes = {
					B3CA233C274808CA00CA9C68 = {
						CreatedOnToolsVersion = 13.1;
					};
					B3CA2351274808D600CA9C68 = {
						CreatedOnToolsVersion = 13.1;
						TestTargetID = B3CA233C274808CA00CA9C68;
					};
					B3CA235B274808D600CA9C68 = {
						CreatedOnToolsVersion = 13.1;
						TestTargetID = B3CA233C274808CA00CA9C68;
					};
				};
			};
			buildConfigurationList = B3CA2338274808CA00CA9C68 /* Build configuration list for PBXProject "Meal Ideas" */;
			compatibilityVersion = "Xcode 13.0";
			developmentRegion = en;
			hasScannedForEncodings = 0;
			knownRegions = (
				en,
				Base,
			);
			mainGroup = B3CA2334274808CA00CA9C68;
			productRefGroup = B3CA233E274808CA00CA9C68 /* Products */;
			projectDirPath = "";
			projectRoot = "";
			targets = (
				B3CA233C274808CA00CA9C68 /* Meal Ideas */,
				B3CA2351274808D600CA9C68 /* Meal IdeasTests */,
				B3CA235B274808D600CA9C68 /* Meal IdeasUITests */,
			);
		};
/* End PBXProject section */

/* Begin PBXResourcesBuildPhase section */
		B3CA233B274808CA00CA9C68 /* Resources */ = {
			isa = PBXResourcesBuildPhase;
			buildActionMask = 2147483647;
			files = (
				B375C97D276214580013895F /* Categories.plist in Resources */,
				B375C97B2762140C0013895F /* Sides.plist in Resources */,
				B3CA2348274808D600CA9C68 /* Preview Assets.xcassets in Resources */,
				B3CA2345274808D600CA9C68 /* Assets.xcassets in Resources */,
			);
			runOnlyForDeploymentPostprocessing = 0;
		};
		B3CA2350274808D600CA9C68 /* Resources */ = {
			isa = PBXResourcesBuildPhase;
			buildActionMask = 2147483647;
			files = (
			);
			runOnlyForDeploymentPostprocessing = 0;
		};
		B3CA235A274808D600CA9C68 /* Resources */ = {
			isa = PBXResourcesBuildPhase;
			buildActionMask = 2147483647;
			files = (
			);
			runOnlyForDeploymentPostprocessing = 0;
		};
/* End PBXResourcesBuildPhase section */

/* Begin PBXSourcesBuildPhase section */
		B3CA2339274808CA00CA9C68 /* Sources */ = {
			isa = PBXSourcesBuildPhase;
			buildActionMask = 2147483647;
			files = (
				B3A668C9276FA9D400533988 /* HistoryListView.swift in Sources */,
				B3606D97274C1F6E00E61972 /* MyMealModel.swift in Sources */,
				B3606DB6274D6A4400E61972 /* IngredientVGrid.swift in Sources */,
				B3CEDDA22756FB4400BB832B /* Double+Ext.swift in Sources */,
				B3606DB0274D691100E61972 /* LinkView.swift in Sources */,
				B3CA234A274808D600CA9C68 /* PersistenceController.swift in Sources */,
				B3D32CDC278399E300FA4ACA /* DVIngredientCell.swift in Sources */,
				B375C98927621B380013895F /* MultiChoiceListView.swift in Sources */,
				B3A668C2276F9CB700533988 /* FavoritesListVM.swift in Sources */,
				B375C98527621B060013895F /* SingleChoiceListView.swift in Sources */,
				B3CEDDB82756FEA300BB832B /* SpoonServingPrepHStack.swift in Sources */,
				B3627BFD275FC680004A6519 /* MyIdeasVM.swift in Sources */,
				B3606DC4274D8E7C00E61972 /* MealDBDetailView.swift in Sources */,
				B3A668C7276FA6E200533988 /* HistoryListVM.swift in Sources */,
				B32D0308275E6C91003ACE14 /* Constants.swift in Sources */,
				B374E7DA278496C800422E9C /* MealDBFunctions.swift in Sources */,
				B3CEDDA02756FA1D00BB832B /* EditIdeaVM.swift in Sources */,
				B3606DA3274C2A8F00E61972 /* MealCardView.swift in Sources */,
				B3606DC1274D7B0900E61972 /* MealDBVM.swift in Sources */,
				B3606D99274C1FB600E61972 /* MealDBModel.swift in Sources */,
				B3606DBF274D7A9800E61972 /* MealDBJSON.swift in Sources */,
				B3CA2343274808CA00CA9C68 /* CoreDataExample.swift in Sources */,
				B374E7DC278496C800422E9C /* SpoonFunctions.swift in Sources */,
				B3A75CB7276699B30062C8B4 /* NoResultsViewWithImage.swift in Sources */,
				B3D32CDA2783992500FA4ACA /* DetailViewIngredientListView.swift in Sources */,
				B3CEDDB02756FDB700BB832B /* NetworkManager.swift in Sources */,
				B3CEDD9E2756F9D200BB832B /* EditIdeaView.swift in Sources */,
				B3CA237A2748114000CA9C68 /* MealDBView.swift in Sources */,
				B3CEDDB22756FDEA00BB832B /* Query.swift in Sources */,
				B3606DB2274D696700E61972 /* RecipeView.swift in Sources */,
				B3CEDDB42756FE1D00BB832B /* QueryButtonView.swift in Sources */,
				B3CA237C2748115D00CA9C68 /* SpoonView.swift in Sources */,
				B3606DBC274D6C8900E61972 /* IngredientGridCell.swift in Sources */,
				B3CEDDBA2756FFB900BB832B /* SpoonDetailView.swift in Sources */,
				B3CA2341274808CA00CA9C68 /* Meal_IdeasApp.swift in Sources */,
				B3606DB8274D6AEA00E61972 /* MealNameView.swift in Sources */,
				B3606DBA274D6B3400E61972 /* MealPhotoView.swift in Sources */,
				B3CA234D274808D600CA9C68 /* Meal_Ideas.xcdatamodeld in Sources */,
				B3CEDDAE2756FD7D00BB832B /* MIError.swift in Sources */,
				B3CEDDBC2756FFDD00BB832B /* SpoonDetailVM.swift in Sources */,
				B3A668CB276FB8C900533988 /* FavoriteCell.swift in Sources */,
				B3606D9F274C210700E61972 /* FavoritesModel.swift in Sources */,
				B3CEDDC4275700E300BB832B /* ThingsToDo.swift in Sources */,
				B3627BF9275F756B004A6519 /* EditMealsListView.swift in Sources */,
				B345CC4A277F6F470065B78A /* UserPrepHStack.swift in Sources */,
				B3CEDDA82756FCB800BB832B /* SingleIngredientListView.swift in Sources */,
				B3CA23722748108C00CA9C68 /* MealIdeasTabView.swift in Sources */,
				B3606D9B274C201200E61972 /* SpoonMealModel.swift in Sources */,
				B374E7DB278496C800422E9C /* APIKey.swift in Sources */,
				B385993A27736A1B0046AE4D /* ZoomImageView.swift in Sources */,
				B374E7DE2784B02100422E9C /* View+Ext.swift in Sources */,
				B375C98727621B170013895F /* SingleChoiceListVM.swift in Sources */,
				B3CEDDA42756FBFB00BB832B /* ImageLoader.swift in Sources */,
				B3A668CD2771042A00533988 /* HistoryCell.swift in Sources */,
				B374E7E527878F8C00422E9C /* CustomRoundedTextFIeldStyle.swift in Sources */,
				B375C99327629F140013895F /* MultiIngredientListView.swift in Sources */,
				B3CA23782748112500CA9C68 /* MyIdeasView.swift in Sources */,
				B3627BFB275F75C8004A6519 /* EditMealsListVM.swift in Sources */,
				B3CEDDBE2757000F00BB832B /* SpoonJSON.swift in Sources */,
				B3606DB4274D69F300E61972 /* BadgesHStack.swift in Sources */,
				B3606D9D274C20AF00E61972 /* HistoryModel.swift in Sources */,
				B3CEDDC02757005800BB832B /* SpoonVM.swift in Sources */,
				B37C63252760F3DB00DF3934 /* ImagePicker.swift in Sources */,
				B3CEDDC22757008800BB832B /* String+Ext.swift in Sources */,
				B3CEDDAC2756FD3800BB832B /* MealDBDetailVM.swift in Sources */,
				B345CC48277F64420065B78A /* MultiWheelPicker.swift in Sources */,
				B3CEDDA62756FC7700BB832B /* IngredientCell.swift in Sources */,
				B3D32CD8277FAA0E00FA4ACA /* BackgroundGradientView.swift in Sources */,
				B3606DAB274D5E4A00E61972 /* MyIdeasDetailView.swift in Sources */,
				B374E7E22787839D00422E9C /* BaseVM.swift in Sources */,
				B3CEDDAA2756FCE700BB832B /* IngredientListVM.swift in Sources */,
				B3606DA1274C217700E61972 /* IngredientsModel.swift in Sources */,
				B375C981276216F10013895F /* PListManager.swift in Sources */,
				B375C98B27621B4B0013895F /* MultiChoiceListVM.swift in Sources */,
				B3606DA5274C446900E61972 /* TopView.swift in Sources */,
				B3A668C0276F9CA600533988 /* FavoritesListView.swift in Sources */,
				B3B6CB44278C93DF00D3E5C5 /* MoreMealsButton.swift in Sources */,
				B3606DAE274D5EC900E61972 /* MyIdeasDetailVM.swift in Sources */,
				B3AE0A182756D109001EAD15 /* Alert.swift in Sources */,
				B3A75CB527668ED90062C8B4 /* LoadingView.swift in Sources */,
				B3606D932748224800E61972 /* Color+Ext.swift in Sources */,
			);
			runOnlyForDeploymentPostprocessing = 0;
		};
		B3CA234E274808D600CA9C68 /* Sources */ = {
			isa = PBXSourcesBuildPhase;
			buildActionMask = 2147483647;
			files = (
				B3CA2357274808D600CA9C68 /* Meal_IdeasTests.swift in Sources */,
			);
			runOnlyForDeploymentPostprocessing = 0;
		};
		B3CA2358274808D600CA9C68 /* Sources */ = {
			isa = PBXSourcesBuildPhase;
			buildActionMask = 2147483647;
			files = (
				B3CA2363274808D600CA9C68 /* Meal_IdeasUITestsLaunchTests.swift in Sources */,
				B3CA2361274808D600CA9C68 /* Meal_IdeasUITests.swift in Sources */,
			);
			runOnlyForDeploymentPostprocessing = 0;
		};
/* End PBXSourcesBuildPhase section */

/* Begin PBXTargetDependency section */
		B3CA2354274808D600CA9C68 /* PBXTargetDependency */ = {
			isa = PBXTargetDependency;
			target = B3CA233C274808CA00CA9C68 /* Meal Ideas */;
			targetProxy = B3CA2353274808D600CA9C68 /* PBXContainerItemProxy */;
		};
		B3CA235E274808D600CA9C68 /* PBXTargetDependency */ = {
			isa = PBXTargetDependency;
			target = B3CA233C274808CA00CA9C68 /* Meal Ideas */;
			targetProxy = B3CA235D274808D600CA9C68 /* PBXContainerItemProxy */;
		};
/* End PBXTargetDependency section */

/* Begin XCBuildConfiguration section */
		B3CA2364274808D600CA9C68 /* Debug */ = {
			isa = XCBuildConfiguration;
			buildSettings = {
				ALWAYS_SEARCH_USER_PATHS = NO;
				CLANG_ANALYZER_NONNULL = YES;
				CLANG_ANALYZER_NUMBER_OBJECT_CONVERSION = YES_AGGRESSIVE;
				CLANG_CXX_LANGUAGE_STANDARD = "gnu++17";
				CLANG_CXX_LIBRARY = "libc++";
				CLANG_ENABLE_MODULES = YES;
				CLANG_ENABLE_OBJC_ARC = YES;
				CLANG_ENABLE_OBJC_WEAK = YES;
				CLANG_WARN_BLOCK_CAPTURE_AUTORELEASING = YES;
				CLANG_WARN_BOOL_CONVERSION = YES;
				CLANG_WARN_COMMA = YES;
				CLANG_WARN_CONSTANT_CONVERSION = YES;
				CLANG_WARN_DEPRECATED_OBJC_IMPLEMENTATIONS = YES;
				CLANG_WARN_DIRECT_OBJC_ISA_USAGE = YES_ERROR;
				CLANG_WARN_DOCUMENTATION_COMMENTS = YES;
				CLANG_WARN_EMPTY_BODY = YES;
				CLANG_WARN_ENUM_CONVERSION = YES;
				CLANG_WARN_INFINITE_RECURSION = YES;
				CLANG_WARN_INT_CONVERSION = YES;
				CLANG_WARN_NON_LITERAL_NULL_CONVERSION = YES;
				CLANG_WARN_OBJC_IMPLICIT_RETAIN_SELF = YES;
				CLANG_WARN_OBJC_LITERAL_CONVERSION = YES;
				CLANG_WARN_OBJC_ROOT_CLASS = YES_ERROR;
				CLANG_WARN_QUOTED_INCLUDE_IN_FRAMEWORK_HEADER = YES;
				CLANG_WARN_RANGE_LOOP_ANALYSIS = YES;
				CLANG_WARN_STRICT_PROTOTYPES = YES;
				CLANG_WARN_SUSPICIOUS_MOVE = YES;
				CLANG_WARN_UNGUARDED_AVAILABILITY = YES_AGGRESSIVE;
				CLANG_WARN_UNREACHABLE_CODE = YES;
				CLANG_WARN__DUPLICATE_METHOD_MATCH = YES;
				COPY_PHASE_STRIP = NO;
				DEBUG_INFORMATION_FORMAT = dwarf;
				ENABLE_STRICT_OBJC_MSGSEND = YES;
				ENABLE_TESTABILITY = YES;
				GCC_C_LANGUAGE_STANDARD = gnu11;
				GCC_DYNAMIC_NO_PIC = NO;
				GCC_NO_COMMON_BLOCKS = YES;
				GCC_OPTIMIZATION_LEVEL = 0;
				GCC_PREPROCESSOR_DEFINITIONS = (
					"DEBUG=1",
					"$(inherited)",
				);
				GCC_WARN_64_TO_32_BIT_CONVERSION = YES;
				GCC_WARN_ABOUT_RETURN_TYPE = YES_ERROR;
				GCC_WARN_UNDECLARED_SELECTOR = YES;
				GCC_WARN_UNINITIALIZED_AUTOS = YES_AGGRESSIVE;
				GCC_WARN_UNUSED_FUNCTION = YES;
				GCC_WARN_UNUSED_VARIABLE = YES;
				IPHONEOS_DEPLOYMENT_TARGET = 15.0;
				MTL_ENABLE_DEBUG_INFO = INCLUDE_SOURCE;
				MTL_FAST_MATH = YES;
				ONLY_ACTIVE_ARCH = YES;
				SDKROOT = iphoneos;
				SWIFT_ACTIVE_COMPILATION_CONDITIONS = DEBUG;
				SWIFT_OPTIMIZATION_LEVEL = "-Onone";
			};
			name = Debug;
		};
		B3CA2365274808D600CA9C68 /* Release */ = {
			isa = XCBuildConfiguration;
			buildSettings = {
				ALWAYS_SEARCH_USER_PATHS = NO;
				CLANG_ANALYZER_NONNULL = YES;
				CLANG_ANALYZER_NUMBER_OBJECT_CONVERSION = YES_AGGRESSIVE;
				CLANG_CXX_LANGUAGE_STANDARD = "gnu++17";
				CLANG_CXX_LIBRARY = "libc++";
				CLANG_ENABLE_MODULES = YES;
				CLANG_ENABLE_OBJC_ARC = YES;
				CLANG_ENABLE_OBJC_WEAK = YES;
				CLANG_WARN_BLOCK_CAPTURE_AUTORELEASING = YES;
				CLANG_WARN_BOOL_CONVERSION = YES;
				CLANG_WARN_COMMA = YES;
				CLANG_WARN_CONSTANT_CONVERSION = YES;
				CLANG_WARN_DEPRECATED_OBJC_IMPLEMENTATIONS = YES;
				CLANG_WARN_DIRECT_OBJC_ISA_USAGE = YES_ERROR;
				CLANG_WARN_DOCUMENTATION_COMMENTS = YES;
				CLANG_WARN_EMPTY_BODY = YES;
				CLANG_WARN_ENUM_CONVERSION = YES;
				CLANG_WARN_INFINITE_RECURSION = YES;
				CLANG_WARN_INT_CONVERSION = YES;
				CLANG_WARN_NON_LITERAL_NULL_CONVERSION = YES;
				CLANG_WARN_OBJC_IMPLICIT_RETAIN_SELF = YES;
				CLANG_WARN_OBJC_LITERAL_CONVERSION = YES;
				CLANG_WARN_OBJC_ROOT_CLASS = YES_ERROR;
				CLANG_WARN_QUOTED_INCLUDE_IN_FRAMEWORK_HEADER = YES;
				CLANG_WARN_RANGE_LOOP_ANALYSIS = YES;
				CLANG_WARN_STRICT_PROTOTYPES = YES;
				CLANG_WARN_SUSPICIOUS_MOVE = YES;
				CLANG_WARN_UNGUARDED_AVAILABILITY = YES_AGGRESSIVE;
				CLANG_WARN_UNREACHABLE_CODE = YES;
				CLANG_WARN__DUPLICATE_METHOD_MATCH = YES;
				COPY_PHASE_STRIP = NO;
				DEBUG_INFORMATION_FORMAT = "dwarf-with-dsym";
				ENABLE_NS_ASSERTIONS = NO;
				ENABLE_STRICT_OBJC_MSGSEND = YES;
				GCC_C_LANGUAGE_STANDARD = gnu11;
				GCC_NO_COMMON_BLOCKS = YES;
				GCC_WARN_64_TO_32_BIT_CONVERSION = YES;
				GCC_WARN_ABOUT_RETURN_TYPE = YES_ERROR;
				GCC_WARN_UNDECLARED_SELECTOR = YES;
				GCC_WARN_UNINITIALIZED_AUTOS = YES_AGGRESSIVE;
				GCC_WARN_UNUSED_FUNCTION = YES;
				GCC_WARN_UNUSED_VARIABLE = YES;
				IPHONEOS_DEPLOYMENT_TARGET = 15.0;
				MTL_ENABLE_DEBUG_INFO = NO;
				MTL_FAST_MATH = YES;
				SDKROOT = iphoneos;
				SWIFT_COMPILATION_MODE = wholemodule;
				SWIFT_OPTIMIZATION_LEVEL = "-O";
				VALIDATE_PRODUCT = YES;
			};
			name = Release;
		};
		B3CA2367274808D600CA9C68 /* Debug */ = {
			isa = XCBuildConfiguration;
			buildSettings = {
				ASSETCATALOG_COMPILER_APPICON_NAME = AppIcon;
				ASSETCATALOG_COMPILER_GLOBAL_ACCENT_COLOR_NAME = AccentColor;
				CODE_SIGN_STYLE = Automatic;
				CURRENT_PROJECT_VERSION = 1;
				DEVELOPMENT_ASSET_PATHS = "\"Meal Ideas/Preview Content\"";
				DEVELOPMENT_TEAM = 334VYUXU36;
				ENABLE_PREVIEWS = YES;
				GENERATE_INFOPLIST_FILE = YES;
				INFOPLIST_KEY_NSCameraUsageDescription = "We need to use the camera to be able to take pictures for your ideas.";
				INFOPLIST_KEY_UIApplicationSceneManifest_Generation = YES;
				INFOPLIST_KEY_UIApplicationSupportsIndirectInputEvents = YES;
				INFOPLIST_KEY_UILaunchScreen_Generation = YES;
				INFOPLIST_KEY_UISupportedInterfaceOrientations_iPad = "UIInterfaceOrientationPortrait UIInterfaceOrientationPortraitUpsideDown UIInterfaceOrientationLandscapeLeft UIInterfaceOrientationLandscapeRight";
				INFOPLIST_KEY_UISupportedInterfaceOrientations_iPhone = "UIInterfaceOrientationPortrait UIInterfaceOrientationLandscapeLeft UIInterfaceOrientationLandscapeRight";
				LD_RUNPATH_SEARCH_PATHS = (
					"$(inherited)",
					"@executable_path/Frameworks",
				);
				MARKETING_VERSION = 1.0;
				PRODUCT_BUNDLE_IDENTIFIER = "com.StevePlavetzky.Meal-Ideas";
				PRODUCT_NAME = "$(TARGET_NAME)";
				SWIFT_EMIT_LOC_STRINGS = YES;
				SWIFT_VERSION = 5.0;
				TARGETED_DEVICE_FAMILY = "1,2";
			};
			name = Debug;
		};
		B3CA2368274808D600CA9C68 /* Release */ = {
			isa = XCBuildConfiguration;
			buildSettings = {
				ASSETCATALOG_COMPILER_APPICON_NAME = AppIcon;
				ASSETCATALOG_COMPILER_GLOBAL_ACCENT_COLOR_NAME = AccentColor;
				CODE_SIGN_STYLE = Automatic;
				CURRENT_PROJECT_VERSION = 1;
				DEVELOPMENT_ASSET_PATHS = "\"Meal Ideas/Preview Content\"";
				DEVELOPMENT_TEAM = 334VYUXU36;
				ENABLE_PREVIEWS = YES;
				GENERATE_INFOPLIST_FILE = YES;
				INFOPLIST_KEY_NSCameraUsageDescription = "We need to use the camera to be able to take pictures for your ideas.";
				INFOPLIST_KEY_UIApplicationSceneManifest_Generation = YES;
				INFOPLIST_KEY_UIApplicationSupportsIndirectInputEvents = YES;
				INFOPLIST_KEY_UILaunchScreen_Generation = YES;
				INFOPLIST_KEY_UISupportedInterfaceOrientations_iPad = "UIInterfaceOrientationPortrait UIInterfaceOrientationPortraitUpsideDown UIInterfaceOrientationLandscapeLeft UIInterfaceOrientationLandscapeRight";
				INFOPLIST_KEY_UISupportedInterfaceOrientations_iPhone = "UIInterfaceOrientationPortrait UIInterfaceOrientationLandscapeLeft UIInterfaceOrientationLandscapeRight";
				LD_RUNPATH_SEARCH_PATHS = (
					"$(inherited)",
					"@executable_path/Frameworks",
				);
				MARKETING_VERSION = 1.0;
				PRODUCT_BUNDLE_IDENTIFIER = "com.StevePlavetzky.Meal-Ideas";
				PRODUCT_NAME = "$(TARGET_NAME)";
				SWIFT_EMIT_LOC_STRINGS = YES;
				SWIFT_VERSION = 5.0;
				TARGETED_DEVICE_FAMILY = "1,2";
			};
			name = Release;
		};
		B3CA236A274808D600CA9C68 /* Debug */ = {
			isa = XCBuildConfiguration;
			buildSettings = {
				ALWAYS_EMBED_SWIFT_STANDARD_LIBRARIES = YES;
				BUNDLE_LOADER = "$(TEST_HOST)";
				CODE_SIGN_STYLE = Automatic;
				CURRENT_PROJECT_VERSION = 1;
				DEVELOPMENT_TEAM = 334VYUXU36;
				GENERATE_INFOPLIST_FILE = YES;
				IPHONEOS_DEPLOYMENT_TARGET = 15.0;
				LD_RUNPATH_SEARCH_PATHS = (
					"$(inherited)",
					"@executable_path/Frameworks",
					"@loader_path/Frameworks",
				);
				MARKETING_VERSION = 1.0;
				PRODUCT_BUNDLE_IDENTIFIER = "com.StevePlavetzky.Meal-IdeasTests";
				PRODUCT_NAME = "$(TARGET_NAME)";
				SWIFT_EMIT_LOC_STRINGS = NO;
				SWIFT_VERSION = 5.0;
				TARGETED_DEVICE_FAMILY = "1,2";
				TEST_HOST = "$(BUILT_PRODUCTS_DIR)/Meal Ideas.app/Meal Ideas";
			};
			name = Debug;
		};
		B3CA236B274808D600CA9C68 /* Release */ = {
			isa = XCBuildConfiguration;
			buildSettings = {
				ALWAYS_EMBED_SWIFT_STANDARD_LIBRARIES = YES;
				BUNDLE_LOADER = "$(TEST_HOST)";
				CODE_SIGN_STYLE = Automatic;
				CURRENT_PROJECT_VERSION = 1;
				DEVELOPMENT_TEAM = 334VYUXU36;
				GENERATE_INFOPLIST_FILE = YES;
				IPHONEOS_DEPLOYMENT_TARGET = 15.0;
				LD_RUNPATH_SEARCH_PATHS = (
					"$(inherited)",
					"@executable_path/Frameworks",
					"@loader_path/Frameworks",
				);
				MARKETING_VERSION = 1.0;
				PRODUCT_BUNDLE_IDENTIFIER = "com.StevePlavetzky.Meal-IdeasTests";
				PRODUCT_NAME = "$(TARGET_NAME)";
				SWIFT_EMIT_LOC_STRINGS = NO;
				SWIFT_VERSION = 5.0;
				TARGETED_DEVICE_FAMILY = "1,2";
				TEST_HOST = "$(BUILT_PRODUCTS_DIR)/Meal Ideas.app/Meal Ideas";
			};
			name = Release;
		};
		B3CA236D274808D600CA9C68 /* Debug */ = {
			isa = XCBuildConfiguration;
			buildSettings = {
				ALWAYS_EMBED_SWIFT_STANDARD_LIBRARIES = YES;
				CODE_SIGN_STYLE = Automatic;
				CURRENT_PROJECT_VERSION = 1;
				DEVELOPMENT_TEAM = 334VYUXU36;
				GENERATE_INFOPLIST_FILE = YES;
				LD_RUNPATH_SEARCH_PATHS = (
					"$(inherited)",
					"@executable_path/Frameworks",
					"@loader_path/Frameworks",
				);
				MARKETING_VERSION = 1.0;
				PRODUCT_BUNDLE_IDENTIFIER = "com.StevePlavetzky.Meal-IdeasUITests";
				PRODUCT_NAME = "$(TARGET_NAME)";
				SWIFT_EMIT_LOC_STRINGS = NO;
				SWIFT_VERSION = 5.0;
				TARGETED_DEVICE_FAMILY = "1,2";
				TEST_TARGET_NAME = "Meal Ideas";
			};
			name = Debug;
		};
		B3CA236E274808D600CA9C68 /* Release */ = {
			isa = XCBuildConfiguration;
			buildSettings = {
				ALWAYS_EMBED_SWIFT_STANDARD_LIBRARIES = YES;
				CODE_SIGN_STYLE = Automatic;
				CURRENT_PROJECT_VERSION = 1;
				DEVELOPMENT_TEAM = 334VYUXU36;
				GENERATE_INFOPLIST_FILE = YES;
				LD_RUNPATH_SEARCH_PATHS = (
					"$(inherited)",
					"@executable_path/Frameworks",
					"@loader_path/Frameworks",
				);
				MARKETING_VERSION = 1.0;
				PRODUCT_BUNDLE_IDENTIFIER = "com.StevePlavetzky.Meal-IdeasUITests";
				PRODUCT_NAME = "$(TARGET_NAME)";
				SWIFT_EMIT_LOC_STRINGS = NO;
				SWIFT_VERSION = 5.0;
				TARGETED_DEVICE_FAMILY = "1,2";
				TEST_TARGET_NAME = "Meal Ideas";
			};
			name = Release;
		};
/* End XCBuildConfiguration section */

/* Begin XCConfigurationList section */
		B3CA2338274808CA00CA9C68 /* Build configuration list for PBXProject "Meal Ideas" */ = {
			isa = XCConfigurationList;
			buildConfigurations = (
				B3CA2364274808D600CA9C68 /* Debug */,
				B3CA2365274808D600CA9C68 /* Release */,
			);
			defaultConfigurationIsVisible = 0;
			defaultConfigurationName = Release;
		};
		B3CA2366274808D600CA9C68 /* Build configuration list for PBXNativeTarget "Meal Ideas" */ = {
			isa = XCConfigurationList;
			buildConfigurations = (
				B3CA2367274808D600CA9C68 /* Debug */,
				B3CA2368274808D600CA9C68 /* Release */,
			);
			defaultConfigurationIsVisible = 0;
			defaultConfigurationName = Release;
		};
		B3CA2369274808D600CA9C68 /* Build configuration list for PBXNativeTarget "Meal IdeasTests" */ = {
			isa = XCConfigurationList;
			buildConfigurations = (
				B3CA236A274808D600CA9C68 /* Debug */,
				B3CA236B274808D600CA9C68 /* Release */,
			);
			defaultConfigurationIsVisible = 0;
			defaultConfigurationName = Release;
		};
		B3CA236C274808D600CA9C68 /* Build configuration list for PBXNativeTarget "Meal IdeasUITests" */ = {
			isa = XCConfigurationList;
			buildConfigurations = (
				B3CA236D274808D600CA9C68 /* Debug */,
				B3CA236E274808D600CA9C68 /* Release */,
			);
			defaultConfigurationIsVisible = 0;
			defaultConfigurationName = Release;
		};
/* End XCConfigurationList section */

/* Begin XCVersionGroup section */
		B3CA234B274808D600CA9C68 /* Meal_Ideas.xcdatamodeld */ = {
			isa = XCVersionGroup;
			children = (
				B3CA234C274808D600CA9C68 /* Meal_Ideas.xcdatamodel */,
			);
			currentVersion = B3CA234C274808D600CA9C68 /* Meal_Ideas.xcdatamodel */;
			path = Meal_Ideas.xcdatamodeld;
			sourceTree = "<group>";
			versionGroupType = wrapper.xcdatamodel;
		};
/* End XCVersionGroup section */
	};
	rootObject = B3CA2335274808CA00CA9C68 /* Project object */;
}
